
Microsoft Visual Studio Solution File, Format Version 12.00
# Visual Studio 2013
VisualStudioVersion = 12.0.31101.0
MinimumVisualStudioVersion = 10.0.40219.1
Project("{FAE04EC0-301F-11D3-BF4B-00C04F79EFBC}") = "Web", "Project\Web.csproj", "{E0AF4F44-A5B5-4541-9A22-983F483BEE13}"
EndProject
Project("{FAE04EC0-301F-11D3-BF4B-00C04F79EFBC}") = "Web.Tests", "Project.Tests\Web.Tests.csproj", "{5CE0A52C-5F39-422F-AFA4-E66263FCC54C}"
EndProject
Global
	GlobalSection(SolutionConfigurationPlatforms) = preSolution
		Debug|Any CPU = Debug|Any CPU
		Release|Any CPU = Release|Any CPU
	EndGlobalSection
	GlobalSection(ProjectConfigurationPlatforms) = postSolution
		{E0AF4F44-A5B5-4541-9A22-983F483BEE13}.Debug|Any CPU.ActiveCfg = Debug|Any CPU
		{E0AF4F44-A5B5-4541-9A22-983F483BEE13}.Debug|Any CPU.Build.0 = Debug|Any CPU
		{E0AF4F44-A5B5-4541-9A22-983F483BEE13}.Release|Any CPU.ActiveCfg = Release|Any CPU
		{E0AF4F44-A5B5-4541-9A22-983F483BEE13}.Release|Any CPU.Build.0 = Release|Any CPU
		{5CE0A52C-5F39-422F-AFA4-E66263FCC54C}.Debug|Any CPU.ActiveCfg = Debug|Any CPU
		{5CE0A52C-5F39-422F-AFA4-E66263FCC54C}.Debug|Any CPU.Build.0 = Debug|Any CPU
		{5CE0A52C-5F39-422F-AFA4-E66263FCC54C}.Release|Any CPU.ActiveCfg = Release|Any CPU
		{5CE0A52C-5F39-422F-AFA4-E66263FCC54C}.Release|Any CPU.Build.0 = Release|Any CPU
	EndGlobalSection
	GlobalSection(SolutionProperties) = preSolution
		HideSolutionNode = FALSE
	EndGlobalSection
EndGlobal
